hash: 8b5e41fc32a2574b23100b5948e290b7ce295b579b60fc33acb04171d75f5402
updated: 2017-07-11T16:25:39.585275392-04:00
imports:
- name: code.cloudfoundry.org/lager
  version: dfcbcba2dd4a5228c43b0292d219d5c010daed3a
  subpackages:
  - lagerctx
  - lagertest
- name: code.cloudfoundry.org/urljoiner
  version: 5cabba6c0a5085a9d07c2c54e01df65c6122e450
- name: github.com/bmizerany/pat
  version: c068ca2f0aacee5ac3681d68e4d0a003b7d1fd2c
- name: github.com/cloudfoundry-community/go-cfclient
  version: f665a3d45ceda413fa12ca311b4b356aa3ec14ce
- name: github.com/concourse/atc
  version: 8dbc6e983536f4abd6ab4d078b2a2a3512eee62c
  subpackages:
  - auth/provider
  - auth/routes
  - auth/uaa
  - auth/verifier
  - event
- name: github.com/concourse/go-concourse
  version: 1ee593ba9a1ce4bbd21e6ca279e63dfc24ab022c
  subpackages:
  - concourse
  - concourse/eventstream
  - concourse/internal
- name: github.com/dgrijalva/jwt-go
  version: a539ee1a749a2b895533f979515ac7e6e0f5b650
- name: github.com/golang/protobuf
  version: 8ee79997227bf9b34611aee7946ae64735e6fd93
  subpackages:
  - proto
- name: github.com/gorilla/context
  version: 215affda49addc4c8ef7e2534915df2c8c35c6cd
- name: github.com/gorilla/mux
  version: cf79e51a62d8219d52060dfc1b4e810414ba2d15
- name: github.com/hashicorp/errwrap
  version: 7554cd9344cec97297fa6649b055a8c98c2a1e55
- name: github.com/hashicorp/go-multierror
  version: 83588e72410abfbe4df460eeb6f30841ae47d4c4
- name: github.com/jessevdk/go-flags
  version: 5695738f733662da3e9afc2283bba6f3c879002d
- name: github.com/kelseyhightower/envconfig
  version: f611eb38b3875cc3bd991ca91c51d06446afa14c
- name: github.com/mitchellh/mapstructure
  version: d0303fe809921458f417bcf828397a65db30a7e4
- name: github.com/onsi/ginkgo
  version: 43e2af1f01ace55adbb6d7d0f30416476db1baae
  subpackages:
  - config
  - internal/codelocation
  - internal/containernode
  - internal/failer
  - internal/leafnodes
  - internal/remote
  - internal/spec
  - internal/specrunner
  - internal/suite
  - internal/testingtproxy
  - internal/writer
  - reporters
  - reporters/stenographer
  - types
- name: github.com/onsi/gomega
  version: c90bd38f8da6e92f8b114953db2f0ad7361fb4b4
  subpackages:
  - format
  - gbytes
  - ghttp
  - internal/assertion
  - internal/asyncassertion
  - internal/oraclematcher
  - internal/testingtsupport
  - matchers
  - matchers/support/goraph/bipartitegraph
  - matchers/support/goraph/edge
  - matchers/support/goraph/node
  - matchers/support/goraph/util
  - types
- name: github.com/peterhellberg/link
  version: 3eea38ca14b7b3252feea5daf92be3864209eb1d
- name: github.com/pivotal-cf/brokerapi
  version: 6d25b9398d9f05880ca8f480134a88c8d2df69bc
  subpackages:
  - auth
- name: github.com/pkg/errors
  version: bfd5150e4e41705ded2129ec33379de1cb90b513
- name: github.com/tedsuo/rata
  version: 0649c23705dfb45a9693b668c4fc1c0666f485d9
- name: github.com/vito/go-sse
  version: fd69d275caac5d78d793e77ddbe9bd2001d9b88d
  subpackages:
  - sse
- name: golang.org/x/net
  version: 7dbad50ab5b31073856416cdcfeb2796d682f844
  subpackages:
  - context
- name: golang.org/x/oauth2
  version: 2baa8a1b9338cf13d9eeb27696d761155fa480be
  subpackages:
  - clientcredentials
  - internal
- name: golang.org/x/sys
  version: a408501be4d17ee978c04a618e7a1b22af058c0e
  subpackages:
  - unix
- name: google.golang.org/appengine
  version: ad2570cd3913654e00c5f0183b39d2f998e54046
  subpackages:
  - internal
  - internal/base
  - internal/datastore
  - internal/log
  - internal/remote_api
  - internal/urlfetch
  - urlfetch
- name: gopkg.in/yaml.v2
  version: e4d366fc3c7938e2958e662b4258c7a89e1f0e3e
testImports: []
